// !$*UTF8*$!
{
	archiveVersion = 1;
	classes = {
	};
	objectVersion = 55;
	objects = {

/* Begin PBXBuildFile section */
		381B2BB12742DBCE00142BC7 /* Lab10ZhApp.swift in Sources */ = {isa = PBXBuildFile; fileRef = 381B2BB02742DBCE00142BC7 /* Lab10ZhApp.swift */; };
		381B2BB32742DBCE00142BC7 /* ContentView.swift in Sources */ = {isa = PBXBuildFile; fileRef = 381B2BB22742DBCE00142BC7 /* ContentView.swift */; };
		381B2BB52742DBD200142BC7 /* Assets.xcassets in Resources */ = {isa = PBXBuildFile; fileRef = 381B2BB42742DBD200142BC7 /* Assets.xcassets */; };
		381B2BB82742DBD200142BC7 /* Preview Assets.xcassets in Resources */ = {isa = PBXBuildFile; fileRef = 381B2BB72742DBD200142BC7 /* Preview Assets.xcassets */; };
		381B2BBF2742DC4600142BC7 /* ItemView.swift in Sources */ = {isa = PBXBuildFile; fileRef = 381B2BBE2742DC4600142BC7 /* ItemView.swift */; };
		381B2BC12742DC8800142BC7 /* Object.swift in Sources */ = {isa = PBXBuildFile; fileRef = 381B2BC02742DC8800142BC7 /* Object.swift */; };
		381B2BC32742E20F00142BC7 /* DetailedView.swift in Sources */ = {isa = PBXBuildFile; fileRef = 381B2BC22742E20F00142BC7 /* DetailedView.swift */; };
		38C45FAB274D33E000D0C3F4 /* LoginView.swift in Sources */ = {isa = PBXBuildFile; fileRef = 38C45FAA274D33E000D0C3F4 /* LoginView.swift */; };
		38C45FAD274D3AD400D0C3F4 /* ContentModel.swift in Sources */ = {isa = PBXBuildFile; fileRef = 38C45FAC274D3AD400D0C3F4 /* ContentModel.swift */; };
		38C45FAF274D3C2500D0C3F4 /* LaunchView.swift in Sources */ = {isa = PBXBuildFile; fileRef = 38C45FAE274D3C2500D0C3F4 /* LaunchView.swift */; };
		38C45FB1274D3C6500D0C3F4 /* ProfileView.swift in Sources */ = {isa = PBXBuildFile; fileRef = 38C45FB0274D3C6500D0C3F4 /* ProfileView.swift */; };
		38C45FB3274D3DD500D0C3F4 /* CustomTextField.swift in Sources */ = {isa = PBXBuildFile; fileRef = 38C45FB2274D3DD500D0C3F4 /* CustomTextField.swift */; };
/* End PBXBuildFile section */

/* Begin PBXFileReference section */
		381B2BAD2742DBCE00142BC7 /* Lab10Zh.app */ = {isa = PBXFileReference; explicitFileType = wrapper.application; includeInIndex = 0; path = Lab10Zh.app; sourceTree = BUILT_PRODUCTS_DIR; };
		381B2BB02742DBCE00142BC7 /* Lab10ZhApp.swift */ = {isa = PBXFileReference; lastKnownFileType = sourcecode.swift; path = Lab10ZhApp.swift; sourceTree = "<group>"; };
		381B2BB22742DBCE00142BC7 /* ContentView.swift */ = {isa = PBXFileReference; lastKnownFileType = sourcecode.swift; path = ContentView.swift; sourceTree = "<group>"; };
		381B2BB42742DBD200142BC7 /* Assets.xcassets */ = {isa = PBXFileReference; lastKnownFileType = folder.assetcatalog; path = Assets.xcassets; sourceTree = "<group>"; };
		381B2BB72742DBD200142BC7 /* Preview Assets.xcassets */ = {isa = PBXFileReference; lastKnownFileType = folder.assetcatalog; path = "Preview Assets.xcassets"; sourceTree = "<group>"; };
		381B2BBE2742DC4600142BC7 /* ItemView.swift */ = {isa = PBXFileReference; lastKnownFileType = sourcecode.swift; path = ItemView.swift; sourceTree = "<group>"; };
		381B2BC02742DC8800142BC7 /* Object.swift */ = {isa = PBXFileReference; lastKnownFileType = sourcecode.swift; path = Object.swift; sourceTree = "<group>"; };
		381B2BC22742E20F00142BC7 /* DetailedView.swift */ = {isa = PBXFileReference; lastKnownFileType = sourcecode.swift; path = DetailedView.swift; sourceTree = "<group>"; };
		38C45FAA274D33E000D0C3F4 /* LoginView.swift */ = {isa = PBXFileReference; lastKnownFileType = sourcecode.swift; path = LoginView.swift; sourceTree = "<group>"; };
		38C45FAC274D3AD400D0C3F4 /* ContentModel.swift */ = {isa = PBXFileReference; lastKnownFileType = sourcecode.swift; path = ContentModel.swift; sourceTree = "<group>"; };
		38C45FAE274D3C2500D0C3F4 /* LaunchView.swift */ = {isa = PBXFileReference; lastKnownFileType = sourcecode.swift; path = LaunchView.swift; sourceTree = "<group>"; };
		38C45FB0274D3C6500D0C3F4 /* ProfileView.swift */ = {isa = PBXFileReference; fileEncoding = 4; lastKnownFileType = sourcecode.swift; path = ProfileView.swift; sourceTree = "<group>"; };
		38C45FB2274D3DD500D0C3F4 /* CustomTextField.swift */ = {isa = PBXFileReference; lastKnownFileType = sourcecode.swift; path = CustomTextField.swift; sourceTree = "<group>"; };
/* End PBXFileReference section */

/* Begin PBXFrameworksBuildPhase section */
		381B2BAA2742DBCE00142BC7 /* Frameworks */ = {
			isa = PBXFrameworksBuildPhase;
			buildActionMask = 2147483647;
			files = (
			);
			runOnlyForDeploymentPostprocessing = 0;
		};
/* End PBXFrameworksBuildPhase section */

/* Begin PBXGroup section */
		381B2BA42742DBCE00142BC7 = {
			isa = PBXGroup;
			children = (
				381B2BAF2742DBCE00142BC7 /* Lab10Zh */,
				381B2BAE2742DBCE00142BC7 /* Products */,
			);
			sourceTree = "<group>";
		};
		381B2BAE2742DBCE00142BC7 /* Products */ = {
			isa = PBXGroup;
			children = (
				381B2BAD2742DBCE00142BC7 /* Lab10Zh.app */,
			);
			name = Products;
			sourceTree = "<group>";
		};
		381B2BAF2742DBCE00142BC7 /* Lab10Zh */ = {
			isa = PBXGroup;
			children = (
				381B2BB02742DBCE00142BC7 /* Lab10ZhApp.swift */,
				381B2BB22742DBCE00142BC7 /* ContentView.swift */,
				381B2BB42742DBD200142BC7 /* Assets.xcassets */,
				381B2BB62742DBD200142BC7 /* Preview Content */,
				381B2BBE2742DC4600142BC7 /* ItemView.swift */,
				38C45FB0274D3C6500D0C3F4 /* ProfileView.swift */,
				381B2BC02742DC8800142BC7 /* Object.swift */,
				381B2BC22742E20F00142BC7 /* DetailedView.swift */,
				38C45FAA274D33E000D0C3F4 /* LoginView.swift */,
				38C45FAC274D3AD400D0C3F4 /* ContentModel.swift */,
				38C45FAE274D3C2500D0C3F4 /* LaunchView.swift */,
				38C45FB2274D3DD500D0C3F4 /* CustomTextField.swift */,
			);
			path = Lab10Zh;
			sourceTree = "<group>";
		};
		381B2BB62742DBD200142BC7 /* Preview Content */ = {
			isa = PBXGroup;
			children = (
				381B2BB72742DBD200142BC7 /* Preview Assets.xcassets */,
			);
			path = "Preview Content";
			sourceTree = "<group>";
		};
/* End PBXGroup section */

/* Begin PBXNativeTarget section */
		381B2BAC2742DBCE00142BC7 /* Lab10Zh */ = {
			isa = PBXNativeTarget;
			buildConfigurationList = 381B2BBB2742DBD200142BC7 /* Build configuration list for PBXNativeTarget "Lab10Zh" */;
			buildPhases = (
				381B2BA92742DBCE00142BC7 /* Sources */,
				381B2BAA2742DBCE00142BC7 /* Frameworks */,
				381B2BAB2742DBCE00142BC7 /* Resources */,
			);
			buildRules = (
			);
			dependencies = (
			);
			name = Lab10Zh;
			productName = Lab10Zh;
			productReference = 381B2BAD2742DBCE00142BC7 /* Lab10Zh.app */;
			productType = "com.apple.product-type.application";
		};
/* End PBXNativeTarget section */

/* Begin PBXProject section */
		381B2BA52742DBCE00142BC7 /* Project object */ = {
			isa = PBXProject;
			attributes = {
				BuildIndependentTargetsInParallel = 1;
				LastSwiftUpdateCheck = 1300;
				LastUpgradeCheck = 1300;
				TargetAttributes = {
					381B2BAC2742DBCE00142BC7 = {
						CreatedOnToolsVersion = 13.0;
					};
				};
			};
			buildConfigurationList = 381B2BA82742DBCE00142BC7 /* Build configuration list for PBXProject "Lab10Zh" */;
			compatibilityVersion = "Xcode 13.0";
			developmentRegion = en;
			hasScannedForEncodings = 0;
			knownRegions = (
				en,
				Base,
			);
			mainGroup = 381B2BA42742DBCE00142BC7;
			productRefGroup = 381B2BAE2742DBCE00142BC7 /* Products */;
			projectDirPath = "";
			projectRoot = "";
			targets = (
				381B2BAC2742DBCE00142BC7 /* Lab10Zh */,
			);
		};
/* End PBXProject section */

/* Begin PBXResourcesBuildPhase section */
		381B2BAB2742DBCE00142BC7 /* Resources */ = {
			isa = PBXResourcesBuildPhase;
			buildActionMask = 2147483647;
			files = (
				381B2BB82742DBD200142BC7 /* Preview Assets.xcassets in Resources */,
				381B2BB52742DBD200142BC7 /* Assets.xcassets in Resources */,
			);
			runOnlyForDeploymentPostprocessing = 0;
		};
/* End PBXResourcesBuildPhase section */

/* Begin PBXSourcesBuildPhase section */
		381B2BA92742DBCE00142BC7 /* Sources */ = {
			isa = PBXSourcesBuildPhase;
			buildActionMask = 2147483647;
			files = (
				38C45FAB274D33E000D0C3F4 /* LoginView.swift in Sources */,
				38C45FB1274D3C6500D0C3F4 /* ProfileView.swift in Sources */,
				38C45FAF274D3C2500D0C3F4 /* LaunchView.swift in Sources */,
				381B2BB32742DBCE00142BC7 /* ContentView.swift in Sources */,
				38C45FB3274D3DD500D0C3F4 /* CustomTextField.swift in Sources */,
				381B2BBF2742DC4600142BC7 /* ItemView.swift in Sources */,
				381B2BC32742E20F00142BC7 /* DetailedView.swift in Sources */,
				381B2BC12742DC8800142BC7 /* Object.swift in Sources */,
				38C45FAD274D3AD400D0C3F4 /* ContentModel.swift in Sources */,
				381B2BB12742DBCE00142BC7 /* Lab10ZhApp.swift in Sources */,
			);
			runOnlyForDeploymentPostprocessing = 0;
		};
/* End PBXSourcesBuildPhase section */

/* Begin XCBuildConfiguration section */
		381B2BB92742DBD200142BC7 /* Debug */ = {
			isa = XCBuildConfiguration;
			buildSettings = {
				ALWAYS_SEARCH_USER_PATHS = NO;
				CLANG_ANALYZER_NONNULL = YES;
				CLANG_ANALYZER_NUMBER_OBJECT_CONVERSION = YES_AGGRESSIVE;
				CLANG_CXX_LANGUAGE_STANDARD = "gnu++17";
				CLANG_CXX_LIBRARY = "libc++";
				CLANG_ENABLE_MODULES = YES;
				CLANG_ENABLE_OBJC_ARC = YES;
				CLANG_ENABLE_OBJC_WEAK = YES;
				CLANG_WARN_BLOCK_CAPTURE_AUTORELEASING = YES;
				CLANG_WARN_BOOL_CONVERSION = YES;
				CLANG_WARN_COMMA = YES;
				CLANG_WARN_CONSTANT_CONVERSION = YES;
				CLANG_WARN_DEPRECATED_OBJC_IMPLEMENTATIONS = YES;
				CLANG_WARN_DIRECT_OBJC_ISA_USAGE = YES_ERROR;
				CLANG_WARN_DOCUMENTATION_COMMENTS = YES;
				CLANG_WARN_EMPTY_BODY = YES;
				CLANG_WARN_ENUM_CONVERSION = YES;
				CLANG_WARN_INFINITE_RECURSION = YES;
				CLANG_WARN_INT_CONVERSION = YES;
				CLANG_WARN_NON_LITERAL_NULL_CONVERSION = YES;
				CLANG_WARN_OBJC_IMPLICIT_RETAIN_SELF = YES;
				CLANG_WARN_OBJC_LITERAL_CONVERSION = YES;
				CLANG_WARN_OBJC_ROOT_CLASS = YES_ERROR;
				CLANG_WARN_QUOTED_INCLUDE_IN_FRAMEWORK_HEADER = YES;
				CLANG_WARN_RANGE_LOOP_ANALYSIS = YES;
				CLANG_WARN_STRICT_PROTOTYPES = YES;
				CLANG_WARN_SUSPICIOUS_MOVE = YES;
				CLANG_WARN_UNGUARDED_AVAILABILITY = YES_AGGRESSIVE;
				CLANG_WARN_UNREACHABLE_CODE = YES;
				CLANG_WARN__DUPLICATE_METHOD_MATCH = YES;
				COPY_PHASE_STRIP = NO;
				DEBUG_INFORMATION_FORMAT = dwarf;
				ENABLE_STRICT_OBJC_MSGSEND = YES;
				ENABLE_TESTABILITY = YES;
				GCC_C_LANGUAGE_STANDARD = gnu11;
				GCC_DYNAMIC_NO_PIC = NO;
				GCC_NO_COMMON_BLOCKS = YES;
				GCC_OPTIMIZATION_LEVEL = 0;
				GCC_PREPROCESSOR_DEFINITIONS = (
					"DEBUG=1",
					"$(inherited)",
				);
				GCC_WARN_64_TO_32_BIT_CONVERSION = YES;
				GCC_WARN_ABOUT_RETURN_TYPE = YES_ERROR;
				GCC_WARN_UNDECLARED_SELECTOR = YES;
				GCC_WARN_UNINITIALIZED_AUTOS = YES_AGGRESSIVE;
				GCC_WARN_UNUSED_FUNCTION = YES;
				GCC_WARN_UNUSED_VARIABLE = YES;
				IPHONEOS_DEPLOYMENT_TARGET = 15.0;
				MTL_ENABLE_DEBUG_INFO = INCLUDE_SOURCE;
				MTL_FAST_MATH = YES;
				ONLY_ACTIVE_ARCH = YES;
				SDKROOT = iphoneos;
				SWIFT_ACTIVE_COMPILATION_CONDITIONS = DEBUG;
				SWIFT_OPTIMIZATION_LEVEL = "-Onone";
			};
			name = Debug;
		};
		381B2BBA2742DBD200142BC7 /* Release */ = {
			isa = XCBuildConfiguration;
			buildSettings = {
				ALWAYS_SEARCH_USER_PATHS = NO;
				CLANG_ANALYZER_NONNULL = YES;
				CLANG_ANALYZER_NUMBER_OBJECT_CONVERSION = YES_AGGRESSIVE;
				CLANG_CXX_LANGUAGE_STANDARD = "gnu++17";
				CLANG_CXX_LIBRARY = "libc++";
				CLANG_ENABLE_MODULES = YES;
				CLANG_ENABLE_OBJC_ARC = YES;
				CLANG_ENABLE_OBJC_WEAK = YES;
				CLANG_WARN_BLOCK_CAPTURE_AUTORELEASING = YES;
				CLANG_WARN_BOOL_CONVERSION = YES;
				CLANG_WARN_COMMA = YES;
				CLANG_WARN_CONSTANT_CONVERSION = YES;
				CLANG_WARN_DEPRECATED_OBJC_IMPLEMENTATIONS = YES;
				CLANG_WARN_DIRECT_OBJC_ISA_USAGE = YES_ERROR;
				CLANG_WARN_DOCUMENTATION_COMMENTS = YES;
				CLANG_WARN_EMPTY_BODY = YES;
				CLANG_WARN_ENUM_CONVERSION = YES;
				CLANG_WARN_INFINITE_RECURSION = YES;
				CLANG_WARN_INT_CONVERSION = YES;
				CLANG_WARN_NON_LITERAL_NULL_CONVERSION = YES;
				CLANG_WARN_OBJC_IMPLICIT_RETAIN_SELF = YES;
				CLANG_WARN_OBJC_LITERAL_CONVERSION = YES;
				CLANG_WARN_OBJC_ROOT_CLASS = YES_ERROR;
				CLANG_WARN_QUOTED_INCLUDE_IN_FRAMEWORK_HEADER = YES;
				CLANG_WARN_RANGE_LOOP_ANALYSIS = YES;
				CLANG_WARN_STRICT_PROTOTYPES = YES;
				CLANG_WARN_SUSPICIOUS_MOVE = YES;
				CLANG_WARN_UNGUARDED_AVAILABILITY = YES_AGGRESSIVE;
				CLANG_WARN_UNREACHABLE_CODE = YES;
				CLANG_WARN__DUPLICATE_METHOD_MATCH = YES;
				COPY_PHASE_STRIP = NO;
				DEBUG_INFORMATION_FORMAT = "dwarf-with-dsym";
				ENABLE_NS_ASSERTIONS = NO;
				ENABLE_STRICT_OBJC_MSGSEND = YES;
				GCC_C_LANGUAGE_STANDARD = gnu11;
				GCC_NO_COMMON_BLOCKS = YES;
				GCC_WARN_64_TO_32_BIT_CONVERSION = YES;
				GCC_WARN_ABOUT_RETURN_TYPE = YES_ERROR;
				GCC_WARN_UNDECLARED_SELECTOR = YES;
				GCC_WARN_UNINITIALIZED_AUTOS = YES_AGGRESSIVE;
				GCC_WARN_UNUSED_FUNCTION = YES;
				GCC_WARN_UNUSED_VARIABLE = YES;
				IPHONEOS_DEPLOYMENT_TARGET = 15.0;
				MTL_ENABLE_DEBUG_INFO = NO;
				MTL_FAST_MATH = YES;
				SDKROOT = iphoneos;
				SWIFT_COMPILATION_MODE = wholemodule;
				SWIFT_OPTIMIZATION_LEVEL = "-O";
				VALIDATE_PRODUCT = YES;
			};
			name = Release;
		};
		381B2BBC2742DBD200142BC7 /* Debug */ = {
			isa = XCBuildConfiguration;
			buildSettings = {
				ASSETCATALOG_COMPILER_APPICON_NAME = AppIcon;
				ASSETCATALOG_COMPILER_GLOBAL_ACCENT_COLOR_NAME = AccentColor;
				CODE_SIGN_STYLE = Automatic;
				CURRENT_PROJECT_VERSION = 1;
				DEVELOPMENT_ASSET_PATHS = "\"Lab10Zh/Preview Content\"";
				ENABLE_PREVIEWS = YES;
				GENERATE_INFOPLIST_FILE = YES;
				INFOPLIST_KEY_UIApplicationSceneManifest_Generation = YES;
				INFOPLIST_KEY_UIApplicationSupportsIndirectInputEvents = YES;
				INFOPLIST_KEY_UILaunchScreen_Generation = YES;
				INFOPLIST_KEY_UISupportedInterfaceOrientations_iPad = "UIInterfaceOrientationPortrait UIInterfaceOrientationPortraitUpsideDown UIInterfaceOrientationLandscapeLeft UIInterfaceOrientationLandscapeRight";
				INFOPLIST_KEY_UISupportedInterfaceOrientations_iPhone = "UIInterfaceOrientationPortrait UIInterfaceOrientationLandscapeLeft UIInterfaceOrientationLandscapeRight";
				IPHONEOS_DEPLOYMENT_TARGET = 14.0;
				LD_RUNPATH_SEARCH_PATHS = (
					"$(inherited)",
					"@executable_path/Frameworks",
				);
				MARKETING_VERSION = 1.0;
				PRODUCT_BUNDLE_IDENTIFIER = com.Zhanibek.Lab10Zh;
				PRODUCT_NAME = "$(TARGET_NAME)";
				SWIFT_EMIT_LOC_STRINGS = YES;
				SWIFT_VERSION = 5.0;
				TARGETED_DEVICE_FAMILY = "1,2";
			};
			name = Debug;
		};
		381B2BBD2742DBD200142BC7 /* Release */ = {
			isa = XCBuildConfiguration;
			buildSettings = {
				ASSETCATALOG_COMPILER_APPICON_NAME = AppIcon;
				ASSETCATALOG_COMPILER_GLOBAL_ACCENT_COLOR_NAME = AccentColor;
				CODE_SIGN_STYLE = Automatic;
				CURRENT_PROJECT_VERSION = 1;
				DEVELOPMENT_ASSET_PATHS = "\"Lab10Zh/Preview Content\"";
				ENABLE_PREVIEWS = YES;
				GENERATE_INFOPLIST_FILE = YES;
				INFOPLIST_KEY_UIApplicationSceneManifest_Generation = YES;
				INFOPLIST_KEY_UIApplicationSupportsIndirectInputEvents = YES;
				INFOPLIST_KEY_UILaunchScreen_Generation = YES;
				INFOPLIST_KEY_UISupportedInterfaceOrientations_iPad = "UIInterfaceOrientationPortrait UIInterfaceOrientationPortraitUpsideDown UIInterfaceOrientationLandscapeLeft UIInterfaceOrientationLandscapeRight";
				INFOPLIST_KEY_UISupportedInterfaceOrientations_iPhone = "UIInterfaceOrientationPortrait UIInterfaceOrientationLandscapeLeft UIInterfaceOrientationLandscapeRight";
				IPHONEOS_DEPLOYMENT_TARGET = 14.0;
				LD_RUNPATH_SEARCH_PATHS = (
					"$(inherited)",
					"@executable_path/Frameworks",
				);
				MARKETING_VERSION = 1.0;
				PRODUCT_BUNDLE_IDENTIFIER = com.Zhanibek.Lab10Zh;
				PRODUCT_NAME = "$(TARGET_NAME)";
				SWIFT_EMIT_LOC_STRINGS = YES;
				SWIFT_VERSION = 5.0;
				TARGETED_DEVICE_FAMILY = "1,2";
			};
			name = Release;
		};
/* End XCBuildConfiguration section */

/* Begin XCConfigurationList section */
		381B2BA82742DBCE00142BC7 /* Build configuration list for PBXProject "Lab10Zh" */ = {
			isa = XCConfigurationList;
			buildConfigurations = (
				381B2BB92742DBD200142BC7 /* Debug */,
				381B2BBA2742DBD200142BC7 /* Release */,
			);
			defaultConfigurationIsVisible = 0;
			defaultConfigurationName = Release;
		};
		381B2BBB2742DBD200142BC7 /* Build configuration list for PBXNativeTarget "Lab10Zh" */ = {
			isa = XCConfigurationList;
			buildConfigurations = (
				381B2BBC2742DBD200142BC7 /* Debug */,
				381B2BBD2742DBD200142BC7 /* Release */,
			);
			defaultConfigurationIsVisible = 0;
			defaultConfigurationName = Release;
		};
/* End XCConfigurationList section */
	};
	rootObject = 381B2BA52742DBCE00142BC7 /* Project object */;
}
